
Microsoft Visual Studio Solution File, Format Version 12.00
# Visual Studio Version 18
VisualStudioVersion = 18.5.11801.241
MinimumVisualStudioVersion = 10.0.40219.1
Project("{8BC9CEB8-8B4A-11D0-8D11-00A0C91BC942}") = "Code Samples C++", "Code Samples C++\Code Samples C++.vcxproj", "{91C0660D-99E9-4D74-9319-493F2CEB1B67}"
EndProject
Project("{8BC9CEB8-8B4A-11D0-8D11-00A0C91BC942}") = "Constants", "Constants\Constants.vcxproj", "{FEB012BC-FA76-474F-B4CD-A08E11EF16C7}"
EndProject
Project("{8BC9CEB8-8B4A-11D0-8D11-00A0C91BC942}") = "Common", "Common\CommonLib.vcxproj", "{6A76BFEB-27E0-4171-A5CF-76B536083151}"
EndProject
Project("{8BC9CEB8-8B4A-11D0-8D11-00A0C91BC942}") = "Common Tests", "Common Tests\Tests.vcxproj", "{2387E1CC-CD6F-4FCD-A143-D90E8F9217A3}"
EndProject
Project("{8BC9CEB8-8B4A-11D0-8D11-00A0C91BC942}") = "UnitTest", "UnitTest\CommonTestLib.vcxproj", "{BED986E8-BFB0-4102-892C-1561D905BA39}"
EndProject
Project("{8BC9CEB8-8B4A-11D0-8D11-00A0C91BC942}") = "Crypto", "Crypto\Crypto.vcxproj", "{ADF29B9C-46B4-4A63-B733-800CBF357446}"
EndProject
Project("{8BC9CEB8-8B4A-11D0-8D11-00A0C91BC942}") = "Crypto Tests", "CryptoTests\CryptoTests.vcxproj", "{F014AA6B-3F72-44AF-80EA-C714105F0483}"
EndProject
Project("{8BC9CEB8-8B4A-11D0-8D11-00A0C91BC942}") = "Snippets", "Snippets\Snippets.vcxproj", "{E0A278FF-1F9E-4703-B5F0-6A4B5F774E38}"
EndProject
Project("{8BC9CEB8-8B4A-11D0-8D11-00A0C91BC942}") = "QSortTest1", "QSortTest1\QSortTest1.vcxproj", "{1EF42179-6FC6-4E47-AF56-0D93B525E3A9}"
EndProject
Project("{8BC9CEB8-8B4A-11D0-8D11-00A0C91BC942}") = "BlockChainExcecutable", "BlockChainExcecutable\BlockChainExcecutable.vcxproj", "{EBBC1423-0ECB-47D4-BFEE-1D5B138EEB84}"
EndProject
Project("{2150E333-8FDC-42A3-9474-1A3956D46DE8}") = "Applications", "Applications", "{2FDD5C3D-562C-4F2A-9B01-D9D12D4E9061}"
EndProject
Project("{2150E333-8FDC-42A3-9474-1A3956D46DE8}") = "Libraries", "Libraries", "{31793C1B-9CB5-47B5-828D-38D13BF89F45}"
EndProject
Project("{2150E333-8FDC-42A3-9474-1A3956D46DE8}") = "Tests", "Tests", "{287ED52B-B70B-4B60-9701-EE2589B2C35C}"
EndProject
Project("{2150E333-8FDC-42A3-9474-1A3956D46DE8}") = "Samples", "Samples", "{7F1F64CC-C46B-4B2B-A4AE-F58A61C3B661}"
EndProject
Project("{2150E333-8FDC-42A3-9474-1A3956D46DE8}") = "Documentation", "Documentation", "{C7EC6CC0-1480-4F9D-A6A3-38B38AC9CD42}"
	ProjectSection(SolutionItems) = preProject
		.editorconfig = .editorconfig
		README.md = README.md
	EndProjectSection
EndProject
Global
	GlobalSection(SolutionConfigurationPlatforms) = preSolution
		Debug|x64 = Debug|x64
		Debug|x86 = Debug|x86
		Release|x64 = Release|x64
		Release|x86 = Release|x86
	EndGlobalSection
	GlobalSection(ProjectConfigurationPlatforms) = postSolution
		{91C0660D-99E9-4D74-9319-493F2CEB1B67}.Debug|x64.ActiveCfg = Debug|x64
		{91C0660D-99E9-4D74-9319-493F2CEB1B67}.Debug|x64.Build.0 = Debug|x64
		{91C0660D-99E9-4D74-9319-493F2CEB1B67}.Debug|x86.ActiveCfg = Debug|Win32
		{91C0660D-99E9-4D74-9319-493F2CEB1B67}.Debug|x86.Build.0 = Debug|Win32
		{91C0660D-99E9-4D74-9319-493F2CEB1B67}.Release|x64.ActiveCfg = Release|x64
		{91C0660D-99E9-4D74-9319-493F2CEB1B67}.Release|x64.Build.0 = Release|x64
		{91C0660D-99E9-4D74-9319-493F2CEB1B67}.Release|x86.ActiveCfg = Release|Win32
		{91C0660D-99E9-4D74-9319-493F2CEB1B67}.Release|x86.Build.0 = Release|Win32
		{FEB012BC-FA76-474F-B4CD-A08E11EF16C7}.Debug|x64.ActiveCfg = Debug|x64
		{FEB012BC-FA76-474F-B4CD-A08E11EF16C7}.Debug|x64.Build.0 = Debug|x64
		{FEB012BC-FA76-474F-B4CD-A08E11EF16C7}.Debug|x86.ActiveCfg = Debug|Win32
		{FEB012BC-FA76-474F-B4CD-A08E11EF16C7}.Debug|x86.Build.0 = Debug|Win32
		{FEB012BC-FA76-474F-B4CD-A08E11EF16C7}.Release|x64.ActiveCfg = Release|x64
		{FEB012BC-FA76-474F-B4CD-A08E11EF16C7}.Release|x64.Build.0 = Release|x64
		{FEB012BC-FA76-474F-B4CD-A08E11EF16C7}.Release|x86.ActiveCfg = Release|Win32
		{FEB012BC-FA76-474F-B4CD-A08E11EF16C7}.Release|x86.Build.0 = Release|Win32
		{6A76BFEB-27E0-4171-A5CF-76B536083151}.Debug|x64.ActiveCfg = Debug|x64
		{6A76BFEB-27E0-4171-A5CF-76B536083151}.Debug|x64.Build.0 = Debug|x64
		{6A76BFEB-27E0-4171-A5CF-76B536083151}.Debug|x86.ActiveCfg = Debug|Win32
		{6A76BFEB-27E0-4171-A5CF-76B536083151}.Debug|x86.Build.0 = Debug|Win32
		{6A76BFEB-27E0-4171-A5CF-76B536083151}.Release|x64.ActiveCfg = Release|x64
		{6A76BFEB-27E0-4171-A5CF-76B536083151}.Release|x64.Build.0 = Release|x64
		{6A76BFEB-27E0-4171-A5CF-76B536083151}.Release|x86.ActiveCfg = Release|Win32
		{6A76BFEB-27E0-4171-A5CF-76B536083151}.Release|x86.Build.0 = Release|Win32
		{2387E1CC-CD6F-4FCD-A143-D90E8F9217A3}.Debug|x64.ActiveCfg = Debug|x64
		{2387E1CC-CD6F-4FCD-A143-D90E8F9217A3}.Debug|x64.Build.0 = Debug|x64
		{2387E1CC-CD6F-4FCD-A143-D90E8F9217A3}.Debug|x86.ActiveCfg = Debug|Win32
		{2387E1CC-CD6F-4FCD-A143-D90E8F9217A3}.Debug|x86.Build.0 = Debug|Win32
		{2387E1CC-CD6F-4FCD-A143-D90E8F9217A3}.Release|x64.ActiveCfg = Release|x64
		{2387E1CC-CD6F-4FCD-A143-D90E8F9217A3}.Release|x64.Build.0 = Release|x64
		{2387E1CC-CD6F-4FCD-A143-D90E8F9217A3}.Release|x86.ActiveCfg = Release|Win32
		{2387E1CC-CD6F-4FCD-A143-D90E8F9217A3}.Release|x86.Build.0 = Release|Win32
		{BED986E8-BFB0-4102-892C-1561D905BA39}.Debug|x64.ActiveCfg = Debug|x64
		{BED986E8-BFB0-4102-892C-1561D905BA39}.Debug|x64.Build.0 = Debug|x64
		{BED986E8-BFB0-4102-892C-1561D905BA39}.Debug|x86.ActiveCfg = Debug|Win32
		{BED986E8-BFB0-4102-892C-1561D905BA39}.Debug|x86.Build.0 = Debug|Win32
		{BED986E8-BFB0-4102-892C-1561D905BA39}.Release|x64.ActiveCfg = Release|x64
		{BED986E8-BFB0-4102-892C-1561D905BA39}.Release|x64.Build.0 = Release|x64
		{BED986E8-BFB0-4102-892C-1561D905BA39}.Release|x86.ActiveCfg = Release|Win32
		{BED986E8-BFB0-4102-892C-1561D905BA39}.Release|x86.Build.0 = Release|Win32
		{ADF29B9C-46B4-4A63-B733-800CBF357446}.Debug|x64.ActiveCfg = Debug|x64
		{ADF29B9C-46B4-4A63-B733-800CBF357446}.Debug|x64.Build.0 = Debug|x64
		{ADF29B9C-46B4-4A63-B733-800CBF357446}.Debug|x86.ActiveCfg = Debug|Win32
		{ADF29B9C-46B4-4A63-B733-800CBF357446}.Debug|x86.Build.0 = Debug|Win32
		{ADF29B9C-46B4-4A63-B733-800CBF357446}.Release|x64.ActiveCfg = Release|x64
		{ADF29B9C-46B4-4A63-B733-800CBF357446}.Release|x64.Build.0 = Release|x64
		{ADF29B9C-46B4-4A63-B733-800CBF357446}.Release|x86.ActiveCfg = Release|Win32
		{ADF29B9C-46B4-4A63-B733-800CBF357446}.Release|x86.Build.0 = Release|Win32
		{F014AA6B-3F72-44AF-80EA-C714105F0483}.Debug|x64.ActiveCfg = Debug|x64
		{F014AA6B-3F72-44AF-80EA-C714105F0483}.Debug|x64.Build.0 = Debug|x64
		{F014AA6B-3F72-44AF-80EA-C714105F0483}.Debug|x86.ActiveCfg = Debug|Win32
		{F014AA6B-3F72-44AF-80EA-C714105F0483}.Debug|x86.Build.0 = Debug|Win32
		{F014AA6B-3F72-44AF-80EA-C714105F0483}.Release|x64.ActiveCfg = Release|x64
		{F014AA6B-3F72-44AF-80EA-C714105F0483}.Release|x64.Build.0 = Release|x64
		{F014AA6B-3F72-44AF-80EA-C714105F0483}.Release|x86.ActiveCfg = Release|Win32
		{F014AA6B-3F72-44AF-80EA-C714105F0483}.Release|x86.Build.0 = Release|Win32
		{E0A278FF-1F9E-4703-B5F0-6A4B5F774E38}.Debug|x64.ActiveCfg = Debug|x64
		{E0A278FF-1F9E-4703-B5F0-6A4B5F774E38}.Debug|x64.Build.0 = Debug|x64
		{E0A278FF-1F9E-4703-B5F0-6A4B5F774E38}.Debug|x86.ActiveCfg = Debug|Win32
		{E0A278FF-1F9E-4703-B5F0-6A4B5F774E38}.Debug|x86.Build.0 = Debug|Win32
		{E0A278FF-1F9E-4703-B5F0-6A4B5F774E38}.Release|x64.ActiveCfg = Release|x64
		{E0A278FF-1F9E-4703-B5F0-6A4B5F774E38}.Release|x64.Build.0 = Release|x64
		{E0A278FF-1F9E-4703-B5F0-6A4B5F774E38}.Release|x86.ActiveCfg = Release|Win32
		{E0A278FF-1F9E-4703-B5F0-6A4B5F774E38}.Release|x86.Build.0 = Release|Win32
		{1EF42179-6FC6-4E47-AF56-0D93B525E3A9}.Debug|x64.ActiveCfg = Debug|x64
		{1EF42179-6FC6-4E47-AF56-0D93B525E3A9}.Debug|x64.Build.0 = Debug|x64
		{1EF42179-6FC6-4E47-AF56-0D93B525E3A9}.Debug|x86.ActiveCfg = Debug|Win32
		{1EF42179-6FC6-4E47-AF56-0D93B525E3A9}.Debug|x86.Build.0 = Debug|Win32
		{1EF42179-6FC6-4E47-AF56-0D93B525E3A9}.Release|x64.ActiveCfg = Release|x64
		{1EF42179-6FC6-4E47-AF56-0D93B525E3A9}.Release|x64.Build.0 = Release|x64
		{1EF42179-6FC6-4E47-AF56-0D93B525E3A9}.Release|x86.ActiveCfg = Release|Win32
		{1EF42179-6FC6-4E47-AF56-0D93B525E3A9}.Release|x86.Build.0 = Release|Win32
		{EBBC1423-0ECB-47D4-BFEE-1D5B138EEB84}.Debug|x64.ActiveCfg = Debug|x64
		{EBBC1423-0ECB-47D4-BFEE-1D5B138EEB84}.Debug|x64.Build.0 = Debug|x64
		{EBBC1423-0ECB-47D4-BFEE-1D5B138EEB84}.Debug|x86.ActiveCfg = Debug|Win32
		{EBBC1423-0ECB-47D4-BFEE-1D5B138EEB84}.Debug|x86.Build.0 = Debug|Win32
		{EBBC1423-0ECB-47D4-BFEE-1D5B138EEB84}.Release|x64.ActiveCfg = Release|x64
		{EBBC1423-0ECB-47D4-BFEE-1D5B138EEB84}.Release|x64.Build.0 = Release|x64
		{EBBC1423-0ECB-47D4-BFEE-1D5B138EEB84}.Release|x86.ActiveCfg = Release|Win32
		{EBBC1423-0ECB-47D4-BFEE-1D5B138EEB84}.Release|x86.Build.0 = Release|Win32
	EndGlobalSection
	GlobalSection(SolutionProperties) = preSolution
		HideSolutionNode = FALSE
	EndGlobalSection
	GlobalSection(NestedProjects) = preSolution
		{91C0660D-99E9-4D74-9319-493F2CEB1B67} = {2FDD5C3D-562C-4F2A-9B01-D9D12D4E9061}
		{EBBC1423-0ECB-47D4-BFEE-1D5B138EEB84} = {2FDD5C3D-562C-4F2A-9B01-D9D12D4E9061}
		{FEB012BC-FA76-474F-B4CD-A08E11EF16C7} = {31793C1B-9CB5-47B5-828D-38D13BF89F45}
		{6A76BFEB-27E0-4171-A5CF-76B536083151} = {31793C1B-9CB5-47B5-828D-38D13BF89F45}
		{BED986E8-BFB0-4102-892C-1561D905BA39} = {31793C1B-9CB5-47B5-828D-38D13BF89F45}
		{ADF29B9C-46B4-4A63-B733-800CBF357446} = {31793C1B-9CB5-47B5-828D-38D13BF89F45}
		{2387E1CC-CD6F-4FCD-A143-D90E8F9217A3} = {287ED52B-B70B-4B60-9701-EE2589B2C35C}
		{F014AA6B-3F72-44AF-80EA-C714105F0483} = {287ED52B-B70B-4B60-9701-EE2589B2C35C}
		{1EF42179-6FC6-4E47-AF56-0D93B525E3A9} = {287ED52B-B70B-4B60-9701-EE2589B2C35C}
		{E0A278FF-1F9E-4703-B5F0-6A4B5F774E38} = {7F1F64CC-C46B-4B2B-A4AE-F58A61C3B661}
	EndGlobalSection
	GlobalSection(ExtensibilityGlobals) = postSolution
		SolutionGuid = {127E78CF-E905-4FFB-8C18-5E76197AC9F2}
	EndGlobalSection
EndGlobal
