<?xml version="1.0" encoding="utf-8"?>
<Project ToolsVersion="4.0" xmlns="http://schemas.microsoft.com/developer/msbuild/2003">
  <ItemGroup>
    <Filter Include="Исходные файлы">
      <UniqueIdentifier>{4FC737F1-C7A5-4376-A066-2A32D752A2FF}</UniqueIdentifier>
      <Extensions>cpp;c;cc;cxx;def;odl;idl;hpj;bat;asm;asmx</Extensions>
    </Filter>
    <Filter Include="Файлы заголовков">
      <UniqueIdentifier>{93995380-89BD-4b04-88EB-625FBE52EBFB}</UniqueIdentifier>
      <Extensions>h;hh;hpp;hxx;hm;inl;inc;ipp;xsd</Extensions>
    </Filter>
    <Filter Include="Файлы ресурсов">
      <UniqueIdentifier>{67DA6AB6-F800-4c08-8B7A-83BB121AAD01}</UniqueIdentifier>
      <Extensions>rc;ico;cur;bmp;dlg;rc2;rct;bin;rgs;gif;jpg;jpeg;jpe;resx;tiff;tif;png;wav;mfcribbon-ms</Extensions>
    </Filter>
    <Filter Include="Исходные файлы\IO">
      <UniqueIdentifier>{de609490-34d3-4e09-b8ef-ff39850bdaf2}</UniqueIdentifier>
    </Filter>
    <Filter Include="Исходные файлы\Serializer">
      <UniqueIdentifier>{e9a74836-a21d-4c19-8cf8-76692cf445fb}</UniqueIdentifier>
    </Filter>
    <Filter Include="Исходные файлы\Strings">
      <UniqueIdentifier>{8aa454ac-b971-4a92-8380-2d311ee39a98}</UniqueIdentifier>
    </Filter>
    <Filter Include="Исходные файлы\Lists">
      <UniqueIdentifier>{2103b9bf-85ec-4c79-a6e1-6ffcd187544f}</UniqueIdentifier>
    </Filter>
    <Filter Include="Исходные файлы\Polynom">
      <UniqueIdentifier>{00b48078-fd8a-4048-9fea-dc2463fef1f0}</UniqueIdentifier>
    </Filter>
  </ItemGroup>
  <ItemGroup>
    <ClInclude Include="pch.h">
      <Filter>Файлы заголовков</Filter>
    </ClInclude>
    <ClInclude Include="IO.h">
      <Filter>Исходные файлы\IO</Filter>
    </ClInclude>
    <ClInclude Include="OWLL.h">
      <Filter>Исходные файлы\Lists</Filter>
    </ClInclude>
    <ClInclude Include="TWLL.h">
      <Filter>Исходные файлы\Lists</Filter>
    </ClInclude>
    <ClInclude Include="LL.h">
      <Filter>Исходные файлы\Lists</Filter>
    </ClInclude>
    <ClInclude Include="LLItem.h">
      <Filter>Исходные файлы\Lists</Filter>
    </ClInclude>
    <ClInclude Include="StrHelper.h">
      <Filter>Исходные файлы\Strings</Filter>
    </ClInclude>
    <ClInclude Include="Polynom.h">
      <Filter>Исходные файлы\Polynom</Filter>
    </ClInclude>
  </ItemGroup>
  <ItemGroup>
    <ClCompile Include="Простой односвязный список.cpp">
      <Filter>Исходные файлы\Lists</Filter>
    </ClCompile>
  </ItemGroup>
</Project>